// !$*UTF8*$!
{
	archiveVersion = 1;
	classes = {
	};
	objectVersion = 50;
	objects = {

/* Begin PBXBuildFile section */
		B56BCB682127E6F5004C069E /* AppDelegate.m in Sources */ = {isa = PBXBuildFile; fileRef = B56BCB672127E6F5004C069E /* AppDelegate.m */; };
		B56BCB6B2127E6F5004C069E /* ViewController.m in Sources */ = {isa = PBXBuildFile; fileRef = B56BCB6A2127E6F5004C069E /* ViewController.m */; };
		B56BCB6E2127E6F5004C069E /* Main.storyboard in Resources */ = {isa = PBXBuildFile; fileRef = B56BCB6C2127E6F5004C069E /* Main.storyboard */; };
		B56BCB702127E6FB004C069E /* Assets.xcassets in Resources */ = {isa = PBXBuildFile; fileRef = B56BCB6F2127E6FB004C069E /* Assets.xcassets */; };
		B56BCB732127E6FB004C069E /* LaunchScreen.storyboard in Resources */ = {isa = PBXBuildFile; fileRef = B56BCB712127E6FB004C069E /* LaunchScreen.storyboard */; };
		B56BCB762127E6FB004C069E /* main.m in Sources */ = {isa = PBXBuildFile; fileRef = B56BCB752127E6FB004C069E /* main.m */; };
		B5CC10F1213D023B00DD9186 /* CGXFixedTopGeneralTitleView.m in Sources */ = {isa = PBXBuildFile; fileRef = B5CC10F0213D023B00DD9186 /* CGXFixedTopGeneralTitleView.m */; };
		B5CC10F4213D025000DD9186 /* CGXFixedTopGeneralTitleManager.m in Sources */ = {isa = PBXBuildFile; fileRef = B5CC10F3213D025000DD9186 /* CGXFixedTopGeneralTitleManager.m */; };
		B5CC10F7213D025F00DD9186 /* CGXFixedTopGeneralTitleItem.m in Sources */ = {isa = PBXBuildFile; fileRef = B5CC10F6213D025F00DD9186 /* CGXFixedTopGeneralTitleItem.m */; };
		B5CC10FA213D028100DD9186 /* CGXFixedTopGeneralTitleCell.m in Sources */ = {isa = PBXBuildFile; fileRef = B5CC10F9213D028100DD9186 /* CGXFixedTopGeneralTitleCell.m */; };
		B5CC10FD213D02C200DD9186 /* CGXFixedTopGeneralMenuView.m in Sources */ = {isa = PBXBuildFile; fileRef = B5CC10FC213D02C200DD9186 /* CGXFixedTopGeneralMenuView.m */; };
		E085CC89214CD1D6000A59A1 /* CGXFixedTopBadgeLabel.m in Sources */ = {isa = PBXBuildFile; fileRef = E085CC86214CD1D6000A59A1 /* CGXFixedTopBadgeLabel.m */; };
		E085CC8A214CD1D6000A59A1 /* UIView+CGXFixedTopBadge.m in Sources */ = {isa = PBXBuildFile; fileRef = E085CC88214CD1D6000A59A1 /* UIView+CGXFixedTopBadge.m */; };
		E085CC8D214CDB8A000A59A1 /* UIButton+CGXFixedTopGeneralTitleAndImage.m in Sources */ = {isa = PBXBuildFile; fileRef = E085CC8C214CDB8A000A59A1 /* UIButton+CGXFixedTopGeneralTitleAndImage.m */; };
		E085CC90214CE87B000A59A1 /* CGXFixedTopGeneralMainView.m in Sources */ = {isa = PBXBuildFile; fileRef = E085CC8F214CE87B000A59A1 /* CGXFixedTopGeneralMainView.m */; };
		E085CC93214D58DC000A59A1 /* PagtViewController.m in Sources */ = {isa = PBXBuildFile; fileRef = E085CC92214D58DC000A59A1 /* PagtViewController.m */; };
		E085CC96214D5A1F000A59A1 /* PageTwoViewController.m in Sources */ = {isa = PBXBuildFile; fileRef = E085CC95214D5A1F000A59A1 /* PageTwoViewController.m */; };
		E085CC99214D5E74000A59A1 /* PageThreeViewController.m in Sources */ = {isa = PBXBuildFile; fileRef = E085CC98214D5E74000A59A1 /* PageThreeViewController.m */; };
		FC933D83405FAE3FA54A8F2F /* libPods-CGXFixedTopGeneralView.a in Frameworks */ = {isa = PBXBuildFile; fileRef = FBE799EB018F870AAAA3D851 /* libPods-CGXFixedTopGeneralView.a */; };
/* End PBXBuildFile section */

/* Begin PBXFileReference section */
		2D45C3398FA96285DB11352C /* Pods-CGXFixedTopGeneralView.debug.xcconfig */ = {isa = PBXFileReference; includeInIndex = 1; lastKnownFileType = text.xcconfig; name = "Pods-CGXFixedTopGeneralView.debug.xcconfig"; path = "Pods/Target Support Files/Pods-CGXFixedTopGeneralView/Pods-CGXFixedTopGeneralView.debug.xcconfig"; sourceTree = "<group>"; };
		B56BCB632127E6F5004C069E /* CGXFixedTopGeneralView.app */ = {isa = PBXFileReference; explicitFileType = wrapper.application; includeInIndex = 0; path = CGXFixedTopGeneralView.app; sourceTree = BUILT_PRODUCTS_DIR; };
		B56BCB662127E6F5004C069E /* AppDelegate.h */ = {isa = PBXFileReference; lastKnownFileType = sourcecode.c.h; path = AppDelegate.h; sourceTree = "<group>"; };
		B56BCB672127E6F5004C069E /* AppDelegate.m */ = {isa = PBXFileReference; lastKnownFileType = sourcecode.c.objc; path = AppDelegate.m; sourceTree = "<group>"; };
		B56BCB692127E6F5004C069E /* ViewController.h */ = {isa = PBXFileReference; lastKnownFileType = sourcecode.c.h; path = ViewController.h; sourceTree = "<group>"; };
		B56BCB6A2127E6F5004C069E /* ViewController.m */ = {isa = PBXFileReference; lastKnownFileType = sourcecode.c.objc; path = ViewController.m; sourceTree = "<group>"; };
		B56BCB6D2127E6F5004C069E /* Base */ = {isa = PBXFileReference; lastKnownFileType = file.storyboard; name = Base; path = Base.lproj/Main.storyboard; sourceTree = "<group>"; };
		B56BCB6F2127E6FB004C069E /* Assets.xcassets */ = {isa = PBXFileReference; lastKnownFileType = folder.assetcatalog; path = Assets.xcassets; sourceTree = "<group>"; };
		B56BCB722127E6FB004C069E /* Base */ = {isa = PBXFileReference; lastKnownFileType = file.storyboard; name = Base; path = Base.lproj/LaunchScreen.storyboard; sourceTree = "<group>"; };
		B56BCB742127E6FB004C069E /* Info.plist */ = {isa = PBXFileReference; lastKnownFileType = text.plist.xml; path = Info.plist; sourceTree = "<group>"; };
		B56BCB752127E6FB004C069E /* main.m */ = {isa = PBXFileReference; lastKnownFileType = sourcecode.c.objc; path = main.m; sourceTree = "<group>"; };
		B5CC10EF213D023B00DD9186 /* CGXFixedTopGeneralTitleView.h */ = {isa = PBXFileReference; lastKnownFileType = sourcecode.c.h; path = CGXFixedTopGeneralTitleView.h; sourceTree = "<group>"; };
		B5CC10F0213D023B00DD9186 /* CGXFixedTopGeneralTitleView.m */ = {isa = PBXFileReference; lastKnownFileType = sourcecode.c.objc; path = CGXFixedTopGeneralTitleView.m; sourceTree = "<group>"; };
		B5CC10F2213D025000DD9186 /* CGXFixedTopGeneralTitleManager.h */ = {isa = PBXFileReference; lastKnownFileType = sourcecode.c.h; path = CGXFixedTopGeneralTitleManager.h; sourceTree = "<group>"; };
		B5CC10F3213D025000DD9186 /* CGXFixedTopGeneralTitleManager.m */ = {isa = PBXFileReference; lastKnownFileType = sourcecode.c.objc; path = CGXFixedTopGeneralTitleManager.m; sourceTree = "<group>"; };
		B5CC10F5213D025F00DD9186 /* CGXFixedTopGeneralTitleItem.h */ = {isa = PBXFileReference; lastKnownFileType = sourcecode.c.h; path = CGXFixedTopGeneralTitleItem.h; sourceTree = "<group>"; };
		B5CC10F6213D025F00DD9186 /* CGXFixedTopGeneralTitleItem.m */ = {isa = PBXFileReference; lastKnownFileType = sourcecode.c.objc; path = CGXFixedTopGeneralTitleItem.m; sourceTree = "<group>"; };
		B5CC10F8213D028100DD9186 /* CGXFixedTopGeneralTitleCell.h */ = {isa = PBXFileReference; lastKnownFileType = sourcecode.c.h; path = CGXFixedTopGeneralTitleCell.h; sourceTree = "<group>"; };
		B5CC10F9213D028100DD9186 /* CGXFixedTopGeneralTitleCell.m */ = {isa = PBXFileReference; lastKnownFileType = sourcecode.c.objc; path = CGXFixedTopGeneralTitleCell.m; sourceTree = "<group>"; };
		B5CC10FB213D02C200DD9186 /* CGXFixedTopGeneralMenuView.h */ = {isa = PBXFileReference; lastKnownFileType = sourcecode.c.h; path = CGXFixedTopGeneralMenuView.h; sourceTree = "<group>"; };
		B5CC10FC213D02C200DD9186 /* CGXFixedTopGeneralMenuView.m */ = {isa = PBXFileReference; lastKnownFileType = sourcecode.c.objc; path = CGXFixedTopGeneralMenuView.m; sourceTree = "<group>"; };
		D42343D057CECEFFD5D202A1 /* Pods-CGXFixedTopGeneralView.release.xcconfig */ = {isa = PBXFileReference; includeInIndex = 1; lastKnownFileType = text.xcconfig; name = "Pods-CGXFixedTopGeneralView.release.xcconfig"; path = "Pods/Target Support Files/Pods-CGXFixedTopGeneralView/Pods-CGXFixedTopGeneralView.release.xcconfig"; sourceTree = "<group>"; };
		E085CC85214CD1D6000A59A1 /* UIView+CGXFixedTopBadge.h */ = {isa = PBXFileReference; fileEncoding = 4; lastKnownFileType = sourcecode.c.h; path = "UIView+CGXFixedTopBadge.h"; sourceTree = "<group>"; };
		E085CC86214CD1D6000A59A1 /* CGXFixedTopBadgeLabel.m */ = {isa = PBXFileReference; fileEncoding = 4; lastKnownFileType = sourcecode.c.objc; path = CGXFixedTopBadgeLabel.m; sourceTree = "<group>"; };
		E085CC87214CD1D6000A59A1 /* CGXFixedTopBadgeLabel.h */ = {isa = PBXFileReference; fileEncoding = 4; lastKnownFileType = sourcecode.c.h; path = CGXFixedTopBadgeLabel.h; sourceTree = "<group>"; };
		E085CC88214CD1D6000A59A1 /* UIView+CGXFixedTopBadge.m */ = {isa = PBXFileReference; fileEncoding = 4; lastKnownFileType = sourcecode.c.objc; path = "UIView+CGXFixedTopBadge.m"; sourceTree = "<group>"; };
		E085CC8B214CDB8A000A59A1 /* UIButton+CGXFixedTopGeneralTitleAndImage.h */ = {isa = PBXFileReference; lastKnownFileType = sourcecode.c.h; path = "UIButton+CGXFixedTopGeneralTitleAndImage.h"; sourceTree = "<group>"; };
		E085CC8C214CDB8A000A59A1 /* UIButton+CGXFixedTopGeneralTitleAndImage.m */ = {isa = PBXFileReference; lastKnownFileType = sourcecode.c.objc; path = "UIButton+CGXFixedTopGeneralTitleAndImage.m"; sourceTree = "<group>"; };
		E085CC8E214CE87B000A59A1 /* CGXFixedTopGeneralMainView.h */ = {isa = PBXFileReference; lastKnownFileType = sourcecode.c.h; path = CGXFixedTopGeneralMainView.h; sourceTree = "<group>"; };
		E085CC8F214CE87B000A59A1 /* CGXFixedTopGeneralMainView.m */ = {isa = PBXFileReference; lastKnownFileType = sourcecode.c.objc; path = CGXFixedTopGeneralMainView.m; sourceTree = "<group>"; };
		E085CC91214D58DC000A59A1 /* PagtViewController.h */ = {isa = PBXFileReference; lastKnownFileType = sourcecode.c.h; path = PagtViewController.h; sourceTree = "<group>"; };
		E085CC92214D58DC000A59A1 /* PagtViewController.m */ = {isa = PBXFileReference; lastKnownFileType = sourcecode.c.objc; path = PagtViewController.m; sourceTree = "<group>"; };
		E085CC94214D5A1F000A59A1 /* PageTwoViewController.h */ = {isa = PBXFileReference; lastKnownFileType = sourcecode.c.h; path = PageTwoViewController.h; sourceTree = "<group>"; };
		E085CC95214D5A1F000A59A1 /* PageTwoViewController.m */ = {isa = PBXFileReference; lastKnownFileType = sourcecode.c.objc; path = PageTwoViewController.m; sourceTree = "<group>"; };
		E085CC97214D5E74000A59A1 /* PageThreeViewController.h */ = {isa = PBXFileReference; lastKnownFileType = sourcecode.c.h; path = PageThreeViewController.h; sourceTree = "<group>"; };
		E085CC98214D5E74000A59A1 /* PageThreeViewController.m */ = {isa = PBXFileReference; lastKnownFileType = sourcecode.c.objc; path = PageThreeViewController.m; sourceTree = "<group>"; };
		FBE799EB018F870AAAA3D851 /* libPods-CGXFixedTopGeneralView.a */ = {isa = PBXFileReference; explicitFileType = archive.ar; includeInIndex = 0; path = "libPods-CGXFixedTopGeneralView.a"; sourceTree = BUILT_PRODUCTS_DIR; };
/* End PBXFileReference section */

/* Begin PBXFrameworksBuildPhase section */
		B56BCB602127E6F5004C069E /* Frameworks */ = {
			isa = PBXFrameworksBuildPhase;
			buildActionMask = 2147483647;
			files = (
				FC933D83405FAE3FA54A8F2F /* libPods-CGXFixedTopGeneralView.a in Frameworks */,
			);
			runOnlyForDeploymentPostprocessing = 0;
		};
/* End PBXFrameworksBuildPhase section */

/* Begin PBXGroup section */
		5C53812AAC1CB99838DC48B4 /* Frameworks */ = {
			isa = PBXGroup;
			children = (
				FBE799EB018F870AAAA3D851 /* libPods-CGXFixedTopGeneralView.a */,
			);
			name = Frameworks;
			sourceTree = "<group>";
		};
		9E5ABE289844F6206D1D6058 /* Pods */ = {
			isa = PBXGroup;
			children = (
				2D45C3398FA96285DB11352C /* Pods-CGXFixedTopGeneralView.debug.xcconfig */,
				D42343D057CECEFFD5D202A1 /* Pods-CGXFixedTopGeneralView.release.xcconfig */,
			);
			name = Pods;
			sourceTree = "<group>";
		};
		B56BCB5A2127E6F5004C069E = {
			isa = PBXGroup;
			children = (
				B56BCB652127E6F5004C069E /* CGXFixedTopGeneralView */,
				B56BCB642127E6F5004C069E /* Products */,
				9E5ABE289844F6206D1D6058 /* Pods */,
				5C53812AAC1CB99838DC48B4 /* Frameworks */,
			);
			sourceTree = "<group>";
		};
		B56BCB642127E6F5004C069E /* Products */ = {
			isa = PBXGroup;
			children = (
				B56BCB632127E6F5004C069E /* CGXFixedTopGeneralView.app */,
			);
			name = Products;
			sourceTree = "<group>";
		};
		B56BCB652127E6F5004C069E /* CGXFixedTopGeneralView */ = {
			isa = PBXGroup;
			children = (
				B56BCB662127E6F5004C069E /* AppDelegate.h */,
				B56BCB672127E6F5004C069E /* AppDelegate.m */,
				B56BCB692127E6F5004C069E /* ViewController.h */,
				B56BCB6A2127E6F5004C069E /* ViewController.m */,
				B5CC10FB213D02C200DD9186 /* CGXFixedTopGeneralMenuView.h */,
				B5CC10FC213D02C200DD9186 /* CGXFixedTopGeneralMenuView.m */,
				B5CC10EF213D023B00DD9186 /* CGXFixedTopGeneralTitleView.h */,
				B5CC10F0213D023B00DD9186 /* CGXFixedTopGeneralTitleView.m */,
				E085CC8E214CE87B000A59A1 /* CGXFixedTopGeneralMainView.h */,
				E085CC8F214CE87B000A59A1 /* CGXFixedTopGeneralMainView.m */,
				B5CC10F2213D025000DD9186 /* CGXFixedTopGeneralTitleManager.h */,
				B5CC10F3213D025000DD9186 /* CGXFixedTopGeneralTitleManager.m */,
				B5CC10F5213D025F00DD9186 /* CGXFixedTopGeneralTitleItem.h */,
				B5CC10F6213D025F00DD9186 /* CGXFixedTopGeneralTitleItem.m */,
				B5CC10F8213D028100DD9186 /* CGXFixedTopGeneralTitleCell.h */,
				B5CC10F9213D028100DD9186 /* CGXFixedTopGeneralTitleCell.m */,
				E066DF8221528FB50077421A /* Framework */,
				E085CC91214D58DC000A59A1 /* PagtViewController.h */,
				E085CC92214D58DC000A59A1 /* PagtViewController.m */,
				E085CC94214D5A1F000A59A1 /* PageTwoViewController.h */,
				E085CC95214D5A1F000A59A1 /* PageTwoViewController.m */,
				E085CC97214D5E74000A59A1 /* PageThreeViewController.h */,
				E085CC98214D5E74000A59A1 /* PageThreeViewController.m */,
				B56BCB6C2127E6F5004C069E /* Main.storyboard */,
				B56BCB6F2127E6FB004C069E /* Assets.xcassets */,
				B56BCB712127E6FB004C069E /* LaunchScreen.storyboard */,
				B56BCB742127E6FB004C069E /* Info.plist */,
				B56BCB752127E6FB004C069E /* main.m */,
			);
			path = CGXFixedTopGeneralView;
			sourceTree = "<group>";
		};
		E066DF8221528FB50077421A /* Framework */ = {
			isa = PBXGroup;
			children = (
				E085CC87214CD1D6000A59A1 /* CGXFixedTopBadgeLabel.h */,
				E085CC86214CD1D6000A59A1 /* CGXFixedTopBadgeLabel.m */,
				E085CC85214CD1D6000A59A1 /* UIView+CGXFixedTopBadge.h */,
				E085CC88214CD1D6000A59A1 /* UIView+CGXFixedTopBadge.m */,
				E085CC8B214CDB8A000A59A1 /* UIButton+CGXFixedTopGeneralTitleAndImage.h */,
				E085CC8C214CDB8A000A59A1 /* UIButton+CGXFixedTopGeneralTitleAndImage.m */,
			);
			path = Framework;
			sourceTree = "<group>";
		};
/* End PBXGroup section */

/* Begin PBXNativeTarget section */
		B56BCB622127E6F5004C069E /* CGXFixedTopGeneralView */ = {
			isa = PBXNativeTarget;
			buildConfigurationList = B56BCB792127E6FB004C069E /* Build configuration list for PBXNativeTarget "CGXFixedTopGeneralView" */;
			buildPhases = (
				1A7B7DA0D3CB12945356CCAF /* [CP] Check Pods Manifest.lock */,
				B56BCB5F2127E6F5004C069E /* Sources */,
				B56BCB602127E6F5004C069E /* Frameworks */,
				B56BCB612127E6F5004C069E /* Resources */,
			);
			buildRules = (
			);
			dependencies = (
			);
			name = CGXFixedTopGeneralView;
			productName = CGXFixedTopGeneralView;
			productReference = B56BCB632127E6F5004C069E /* CGXFixedTopGeneralView.app */;
			productType = "com.apple.product-type.application";
		};
/* End PBXNativeTarget section */

/* Begin PBXProject section */
		B56BCB5B2127E6F5004C069E /* Project object */ = {
			isa = PBXProject;
			attributes = {
				LastUpgradeCheck = 0940;
				ORGANIZATIONNAME = "曹贵鑫";
				TargetAttributes = {
					B56BCB622127E6F5004C069E = {
						CreatedOnToolsVersion = 9.4;
					};
				};
			};
			buildConfigurationList = B56BCB5E2127E6F5004C069E /* Build configuration list for PBXProject "CGXFixedTopGeneralView" */;
			compatibilityVersion = "Xcode 9.3";
			developmentRegion = en;
			hasScannedForEncodings = 0;
			knownRegions = (
				en,
				Base,
			);
			mainGroup = B56BCB5A2127E6F5004C069E;
			productRefGroup = B56BCB642127E6F5004C069E /* Products */;
			projectDirPath = "";
			projectRoot = "";
			targets = (
				B56BCB622127E6F5004C069E /* CGXFixedTopGeneralView */,
			);
		};
/* End PBXProject section */

/* Begin PBXResourcesBuildPhase section */
		B56BCB612127E6F5004C069E /* Resources */ = {
			isa = PBXResourcesBuildPhase;
			buildActionMask = 2147483647;
			files = (
				B56BCB732127E6FB004C069E /* LaunchScreen.storyboard in Resources */,
				B56BCB702127E6FB004C069E /* Assets.xcassets in Resources */,
				B56BCB6E2127E6F5004C069E /* Main.storyboard in Resources */,
			);
			runOnlyForDeploymentPostprocessing = 0;
		};
/* End PBXResourcesBuildPhase section */

/* Begin PBXShellScriptBuildPhase section */
		1A7B7DA0D3CB12945356CCAF /* [CP] Check Pods Manifest.lock */ = {
			isa = PBXShellScriptBuildPhase;
			buildActionMask = 2147483647;
			files = (
			);
			inputPaths = (
				"${PODS_PODFILE_DIR_PATH}/Podfile.lock",
				"${PODS_ROOT}/Manifest.lock",
			);
			name = "[CP] Check Pods Manifest.lock";
			outputPaths = (
				"$(DERIVED_FILE_DIR)/Pods-CGXFixedTopGeneralView-checkManifestLockResult.txt",
			);
			runOnlyForDeploymentPostprocessing = 0;
			shellPath = /bin/sh;
			shellScript = "diff \"${PODS_PODFILE_DIR_PATH}/Podfile.lock\" \"${PODS_ROOT}/Manifest.lock\" > /dev/null\nif [ $? != 0 ] ; then\n    # print error to STDERR\n    echo \"error: The sandbox is not in sync with the Podfile.lock. Run 'pod install' or update your CocoaPods installation.\" >&2\n    exit 1\nfi\n# This output is used by Xcode 'outputs' to avoid re-running this script phase.\necho \"SUCCESS\" > \"${SCRIPT_OUTPUT_FILE_0}\"\n";
			showEnvVarsInLog = 0;
		};
/* End PBXShellScriptBuildPhase section */

/* Begin PBXSourcesBuildPhase section */
		B56BCB5F2127E6F5004C069E /* Sources */ = {
			isa = PBXSourcesBuildPhase;
			buildActionMask = 2147483647;
			files = (
				E085CC93214D58DC000A59A1 /* PagtViewController.m in Sources */,
				B5CC10FA213D028100DD9186 /* CGXFixedTopGeneralTitleCell.m in Sources */,
				E085CC8A214CD1D6000A59A1 /* UIView+CGXFixedTopBadge.m in Sources */,
				B5CC10F4213D025000DD9186 /* CGXFixedTopGeneralTitleManager.m in Sources */,
				B5CC10FD213D02C200DD9186 /* CGXFixedTopGeneralMenuView.m in Sources */,
				E085CC8D214CDB8A000A59A1 /* UIButton+CGXFixedTopGeneralTitleAndImage.m in Sources */,
				E085CC96214D5A1F000A59A1 /* PageTwoViewController.m in Sources */,
				B5CC10F1213D023B00DD9186 /* CGXFixedTopGeneralTitleView.m in Sources */,
				E085CC99214D5E74000A59A1 /* PageThreeViewController.m in Sources */,
				E085CC90214CE87B000A59A1 /* CGXFixedTopGeneralMainView.m in Sources */,
				E085CC89214CD1D6000A59A1 /* CGXFixedTopBadgeLabel.m in Sources */,
				B56BCB6B2127E6F5004C069E /* ViewController.m in Sources */,
				B56BCB762127E6FB004C069E /* main.m in Sources */,
				B5CC10F7213D025F00DD9186 /* CGXFixedTopGeneralTitleItem.m in Sources */,
				B56BCB682127E6F5004C069E /* AppDelegate.m in Sources */,
			);
			runOnlyForDeploymentPostprocessing = 0;
		};
/* End PBXSourcesBuildPhase section */

/* Begin PBXVariantGroup section */
		B56BCB6C2127E6F5004C069E /* Main.storyboard */ = {
			isa = PBXVariantGroup;
			children = (
				B56BCB6D2127E6F5004C069E /* Base */,
			);
			name = Main.storyboard;
			sourceTree = "<group>";
		};
		B56BCB712127E6FB004C069E /* LaunchScreen.storyboard */ = {
			isa = PBXVariantGroup;
			children = (
				B56BCB722127E6FB004C069E /* Base */,
			);
			name = LaunchScreen.storyboard;
			sourceTree = "<group>";
		};
/* End PBXVariantGroup section */

/* Begin XCBuildConfiguration section */
		B56BCB772127E6FB004C069E /* Debug */ = {
			isa = XCBuildConfiguration;
			buildSettings = {
				ALWAYS_SEARCH_USER_PATHS = NO;
				CLANG_ANALYZER_NONNULL = YES;
				CLANG_ANALYZER_NUMBER_OBJECT_CONVERSION = YES_AGGRESSIVE;
				CLANG_CXX_LANGUAGE_STANDARD = "gnu++14";
				CLANG_CXX_LIBRARY = "libc++";
				CLANG_ENABLE_MODULES = YES;
				CLANG_ENABLE_OBJC_ARC = YES;
				CLANG_ENABLE_OBJC_WEAK = YES;
				CLANG_WARN_BLOCK_CAPTURE_AUTORELEASING = YES;
				CLANG_WARN_BOOL_CONVERSION = YES;
				CLANG_WARN_COMMA = YES;
				CLANG_WARN_CONSTANT_CONVERSION = YES;
				CLANG_WARN_DEPRECATED_OBJC_IMPLEMENTATIONS = YES;
				CLANG_WARN_DIRECT_OBJC_ISA_USAGE = YES_ERROR;
				CLANG_WARN_DOCUMENTATION_COMMENTS = YES;
				CLANG_WARN_EMPTY_BODY = YES;
				CLANG_WARN_ENUM_CONVERSION = YES;
				CLANG_WARN_INFINITE_RECURSION = YES;
				CLANG_WARN_INT_CONVERSION = YES;
				CLANG_WARN_NON_LITERAL_NULL_CONVERSION = YES;
				CLANG_WARN_OBJC_IMPLICIT_RETAIN_SELF = YES;
				CLANG_WARN_OBJC_LITERAL_CONVERSION = YES;
				CLANG_WARN_OBJC_ROOT_CLASS = YES_ERROR;
				CLANG_WARN_RANGE_LOOP_ANALYSIS = YES;
				CLANG_WARN_STRICT_PROTOTYPES = YES;
				CLANG_WARN_SUSPICIOUS_MOVE = YES;
				CLANG_WARN_UNGUARDED_AVAILABILITY = YES_AGGRESSIVE;
				CLANG_WARN_UNREACHABLE_CODE = YES;
				CLANG_WARN__DUPLICATE_METHOD_MATCH = YES;
				CODE_SIGN_IDENTITY = "iPhone Developer";
				COPY_PHASE_STRIP = NO;
				DEBUG_INFORMATION_FORMAT = dwarf;
				ENABLE_STRICT_OBJC_MSGSEND = YES;
				ENABLE_TESTABILITY = YES;
				GCC_C_LANGUAGE_STANDARD = gnu11;
				GCC_DYNAMIC_NO_PIC = NO;
				GCC_NO_COMMON_BLOCKS = YES;
				GCC_OPTIMIZATION_LEVEL = 0;
				GCC_PREPROCESSOR_DEFINITIONS = (
					"DEBUG=1",
					"$(inherited)",
				);
				GCC_WARN_64_TO_32_BIT_CONVERSION = YES;
				GCC_WARN_ABOUT_RETURN_TYPE = YES_ERROR;
				GCC_WARN_UNDECLARED_SELECTOR = YES;
				GCC_WARN_UNINITIALIZED_AUTOS = YES_AGGRESSIVE;
				GCC_WARN_UNUSED_FUNCTION = YES;
				GCC_WARN_UNUSED_VARIABLE = YES;
				IPHONEOS_DEPLOYMENT_TARGET = 11.4;
				MTL_ENABLE_DEBUG_INFO = YES;
				ONLY_ACTIVE_ARCH = YES;
				SDKROOT = iphoneos;
			};
			name = Debug;
		};
		B56BCB782127E6FB004C069E /* Release */ = {
			isa = XCBuildConfiguration;
			buildSettings = {
				ALWAYS_SEARCH_USER_PATHS = NO;
				CLANG_ANALYZER_NONNULL = YES;
				CLANG_ANALYZER_NUMBER_OBJECT_CONVERSION = YES_AGGRESSIVE;
				CLANG_CXX_LANGUAGE_STANDARD = "gnu++14";
				CLANG_CXX_LIBRARY = "libc++";
				CLANG_ENABLE_MODULES = YES;
				CLANG_ENABLE_OBJC_ARC = YES;
				CLANG_ENABLE_OBJC_WEAK = YES;
				CLANG_WARN_BLOCK_CAPTURE_AUTORELEASING = YES;
				CLANG_WARN_BOOL_CONVERSION = YES;
				CLANG_WARN_COMMA = YES;
				CLANG_WARN_CONSTANT_CONVERSION = YES;
				CLANG_WARN_DEPRECATED_OBJC_IMPLEMENTATIONS = YES;
				CLANG_WARN_DIRECT_OBJC_ISA_USAGE = YES_ERROR;
				CLANG_WARN_DOCUMENTATION_COMMENTS = YES;
				CLANG_WARN_EMPTY_BODY = YES;
				CLANG_WARN_ENUM_CONVERSION = YES;
				CLANG_WARN_INFINITE_RECURSION = YES;
				CLANG_WARN_INT_CONVERSION = YES;
				CLANG_WARN_NON_LITERAL_NULL_CONVERSION = YES;
				CLANG_WARN_OBJC_IMPLICIT_RETAIN_SELF = YES;
				CLANG_WARN_OBJC_LITERAL_CONVERSION = YES;
				CLANG_WARN_OBJC_ROOT_CLASS = YES_ERROR;
				CLANG_WARN_RANGE_LOOP_ANALYSIS = YES;
				CLANG_WARN_STRICT_PROTOTYPES = YES;
				CLANG_WARN_SUSPICIOUS_MOVE = YES;
				CLANG_WARN_UNGUARDED_AVAILABILITY = YES_AGGRESSIVE;
				CLANG_WARN_UNREACHABLE_CODE = YES;
				CLANG_WARN__DUPLICATE_METHOD_MATCH = YES;
				CODE_SIGN_IDENTITY = "iPhone Developer";
				COPY_PHASE_STRIP = NO;
				DEBUG_INFORMATION_FORMAT = "dwarf-with-dsym";
				ENABLE_NS_ASSERTIONS = NO;
				ENABLE_STRICT_OBJC_MSGSEND = YES;
				GCC_C_LANGUAGE_STANDARD = gnu11;
				GCC_NO_COMMON_BLOCKS = YES;
				GCC_WARN_64_TO_32_BIT_CONVERSION = YES;
				GCC_WARN_ABOUT_RETURN_TYPE = YES_ERROR;
				GCC_WARN_UNDECLARED_SELECTOR = YES;
				GCC_WARN_UNINITIALIZED_AUTOS = YES_AGGRESSIVE;
				GCC_WARN_UNUSED_FUNCTION = YES;
				GCC_WARN_UNUSED_VARIABLE = YES;
				IPHONEOS_DEPLOYMENT_TARGET = 11.4;
				MTL_ENABLE_DEBUG_INFO = NO;
				SDKROOT = iphoneos;
				VALIDATE_PRODUCT = YES;
			};
			name = Release;
		};
		B56BCB7A2127E6FB004C069E /* Debug */ = {
			isa = XCBuildConfiguration;
			baseConfigurationReference = 2D45C3398FA96285DB11352C /* Pods-CGXFixedTopGeneralView.debug.xcconfig */;
			buildSettings = {
				ASSETCATALOG_COMPILER_APPICON_NAME = AppIcon;
				CODE_SIGN_STYLE = Automatic;
				DEVELOPMENT_TEAM = 424D9G4X35;
				INFOPLIST_FILE = CGXFixedTopGeneralView/Info.plist;
				LD_RUNPATH_SEARCH_PATHS = (
					"$(inherited)",
					"@executable_path/Frameworks",
				);
				PRODUCT_BUNDLE_IDENTIFIER = cgx.work.CGXFixedTopGeneralView;
				PRODUCT_NAME = "$(TARGET_NAME)";
				TARGETED_DEVICE_FAMILY = "1,2";
			};
			name = Debug;
		};
		B56BCB7B2127E6FB004C069E /* Release */ = {
			isa = XCBuildConfiguration;
			baseConfigurationReference = D42343D057CECEFFD5D202A1 /* Pods-CGXFixedTopGeneralView.release.xcconfig */;
			buildSettings = {
				ASSETCATALOG_COMPILER_APPICON_NAME = AppIcon;
				CODE_SIGN_STYLE = Automatic;
				DEVELOPMENT_TEAM = 424D9G4X35;
				INFOPLIST_FILE = CGXFixedTopGeneralView/Info.plist;
				LD_RUNPATH_SEARCH_PATHS = (
					"$(inherited)",
					"@executable_path/Frameworks",
				);
				PRODUCT_BUNDLE_IDENTIFIER = cgx.work.CGXFixedTopGeneralView;
				PRODUCT_NAME = "$(TARGET_NAME)";
				TARGETED_DEVICE_FAMILY = "1,2";
			};
			name = Release;
		};
/* End XCBuildConfiguration section */

/* Begin XCConfigurationList section */
		B56BCB5E2127E6F5004C069E /* Build configuration list for PBXProject "CGXFixedTopGeneralView" */ = {
			isa = XCConfigurationList;
			buildConfigurations = (
				B56BCB772127E6FB004C069E /* Debug */,
				B56BCB782127E6FB004C069E /* Release */,
			);
			defaultConfigurationIsVisible = 0;
			defaultConfigurationName = Release;
		};
		B56BCB792127E6FB004C069E /* Build configuration list for PBXNativeTarget "CGXFixedTopGeneralView" */ = {
			isa = XCConfigurationList;
			buildConfigurations = (
				B56BCB7A2127E6FB004C069E /* Debug */,
				B56BCB7B2127E6FB004C069E /* Release */,
			);
			defaultConfigurationIsVisible = 0;
			defaultConfigurationName = Release;
		};
/* End XCConfigurationList section */
	};
	rootObject = B56BCB5B2127E6F5004C069E /* Project object */;
}
